{
  "name": "nusense-pixel",
  "version": "1.0.0",
  "lockfileVersion": 3,
  "requires": true,
  "packages": {
    "": {
      "name": "nusense-pixel",
      "version": "1.0.0",
      "dependencies": {
        "@shopify/web-pixels-extension": "^1.0.0"
      }
    },
    "node_modules/@shopify/web-pixels-extension": {
      "version": "1.4.0",
      "resolved": "https://registry.npmjs.org/@shopify/web-pixels-extension/-/web-pixels-extension-1.4.0.tgz",
      "integrity": "sha512-vPRjf9U6O+GWPmqVO2SBPjcF4pM8V3U/en5pXQ9F5DiOgmgGOymscNEnmlvL+5tgTqetgv72OR81XOW73MXMYA==",
      "license": "MIT"
    }
  }
}
